
Microsoft Visual Studio Solution File, Format Version 12.00
# Visual Studio Version 16
VisualStudioVersion = 16.0.29609.76
MinimumVisualStudioVersion = 10.0.40219.1
Project("{FAE04EC0-301F-11D3-BF4B-00C04F79EFBC}") = "gitTest", "gitTest\gitTest.csproj", "{8726D9A7-6523-4746-B8F7-E35CB500A420}"
EndProject
Global
	GlobalSection(SolutionConfigurationPlatforms) = preSolution
		Debug|Any CPU = Debug|Any CPU
		Release|Any CPU = Release|Any CPU
	EndGlobalSection
	GlobalSection(ProjectConfigurationPlatforms) = postSolution
		{8726D9A7-6523-4746-B8F7-E35CB500A420}.Debug|Any CPU.ActiveCfg = Debug|Any CPU
		{8726D9A7-6523-4746-B8F7-E35CB500A420}.Debug|Any CPU.Build.0 = Debug|Any CPU
		{8726D9A7-6523-4746-B8F7-E35CB500A420}.Release|Any CPU.ActiveCfg = Release|Any CPU
		{8726D9A7-6523-4746-B8F7-E35CB500A420}.Release|Any CPU.Build.0 = Release|Any CPU
	EndGlobalSection
	GlobalSection(SolutionProperties) = preSolution
		HideSolutionNode = FALSE
	EndGlobalSection
	GlobalSection(ExtensibilityGlobals) = postSolution
		SolutionGuid = {3898371D-B5AD-4EAB-A9D8-B02A34D21D19}
	EndGlobalSection
EndGlobal
